
Microsoft Visual Studio Solution File, Format Version 11.00
# Visual Studio 2010
Project("{FAE04EC0-301F-11D3-BF4B-00C04F79EFBC}") = "Assembly-CSharp", "Assembly-CSharp.csproj", "{5858778A-79AC-3D1C-1F57-4398CDEBC18B}"
EndProject
Project("{FAE04EC0-301F-11D3-BF4B-00C04F79EFBC}") = "Assembly-CSharp-Editor", "Assembly-CSharp-Editor.csproj", "{07692F31-FBF5-D3CB-C05C-9B490D452AA4}"
EndProject
Global
	GlobalSection(SolutionConfigurationPlatforms) = preSolution
		Debug|Any CPU = Debug|Any CPU
		Release|Any CPU = Release|Any CPU
	EndGlobalSection
	GlobalSection(ProjectConfigurationPlatforms) = postSolution
		{5858778A-79AC-3D1C-1F57-4398CDEBC18B}.Debug|Any CPU.ActiveCfg = Debug|Any CPU
		{5858778A-79AC-3D1C-1F57-4398CDEBC18B}.Debug|Any CPU.Build.0 = Debug|Any CPU
		{5858778A-79AC-3D1C-1F57-4398CDEBC18B}.Release|Any CPU.ActiveCfg = Release|Any CPU
		{5858778A-79AC-3D1C-1F57-4398CDEBC18B}.Release|Any CPU.Build.0 = Release|Any CPU
		{07692F31-FBF5-D3CB-C05C-9B490D452AA4}.Debug|Any CPU.ActiveCfg = Debug|Any CPU
		{07692F31-FBF5-D3CB-C05C-9B490D452AA4}.Debug|Any CPU.Build.0 = Debug|Any CPU
		{07692F31-FBF5-D3CB-C05C-9B490D452AA4}.Release|Any CPU.ActiveCfg = Release|Any CPU
		{07692F31-FBF5-D3CB-C05C-9B490D452AA4}.Release|Any CPU.Build.0 = Release|Any CPU
	EndGlobalSection
	GlobalSection(SolutionProperties) = preSolution
		HideSolutionNode = FALSE
	EndGlobalSection
	GlobalSection(MonoDevelopProperties) = preSolution
		StartupItem = Assembly-CSharp.csproj
	EndGlobalSection
EndGlobal
